version = 1
revision = 2
requires-python = ">=3.8, <4.0"

[[package]]
name = "backports-zoneinfo"
version = "0.2.1"
source = { registry = "https://pypi.org/simple" }
sdist = { url = "https://files.pythonhosted.org/packages/ad/85/475e514c3140937cf435954f78dedea1861aeab7662d11de232bdaa90655/backports.zoneinfo-0.2.1.tar.gz", hash = "sha256:fadbfe37f74051d024037f223b8e001611eac868b5c5b06144ef4d8b799862f2", size = 74098, upload-time = "2020-06-23T13:51:22.041Z" }
wheels = [
    { url = "https://files.pythonhosted.org/packages/4a/6d/eca004eeadcbf8bd64cc96feb9e355536147f0577420b44d80c7cac70767/backports.zoneinfo-0.2.1-cp38-cp38-macosx_10_14_x86_64.whl", hash = "sha256:8961c0f32cd0336fb8e8ead11a1f8cd99ec07145ec2931122faaac1c8f7fd987", size = 35816, upload-time = "2020-06-23T13:51:21.244Z" },
    { url = "https://files.pythonhosted.org/packages/c1/8f/9b1b920a6a95652463143943fa3b8c000cb0b932ab463764a6f2a2416560/backports.zoneinfo-0.2.1-cp38-cp38-manylinux1_i686.whl", hash = "sha256:e81b76cace8eda1fca50e345242ba977f9be6ae3945af8d46326d776b4cf78d1", size = 72147, upload-time = "2020-06-23T13:51:17.562Z" },
    { url = "https://files.pythonhosted.org/packages/1a/ab/3e941e3fcf1b7d3ab3d0233194d99d6a0ed6b24f8f956fc81e47edc8c079/backports.zoneinfo-0.2.1-cp38-cp38-manylinux1_x86_64.whl", hash = "sha256:7b0a64cda4145548fed9efc10322770f929b944ce5cee6c0dfe0c87bf4c0c8c9", size = 74033, upload-time = "2020-06-23T13:51:14.592Z" },
    { url = "https://files.pythonhosted.org/packages/c0/34/5fdb0a3a28841d215c255be8fc60b8666257bb6632193c86fd04b63d4a31/backports.zoneinfo-0.2.1-cp38-cp38-win32.whl", hash = "sha256:1b13e654a55cd45672cb54ed12148cd33628f672548f373963b0bff67b217328", size = 36803, upload-time = "2020-06-23T13:51:07.517Z" },
    { url = "https://files.pythonhosted.org/packages/78/cc/e27fd6493bbce8dbea7e6c1bc861fe3d3bc22c4f7c81f4c3befb8ff5bfaf/backports.zoneinfo-0.2.1-cp38-cp38-win_amd64.whl", hash = "sha256:4a0f800587060bf8880f954dbef70de6c11bbe59c673c3d818921f042f9954a6", size = 38967, upload-time = "2020-06-23T13:51:13.735Z" },
]

[[package]]
name = "basedpyright"
version = "1.29.1"
source = { registry = "https://pypi.org/simple" }
dependencies = [
    { name = "nodejs-wheel-binaries" },
]
sdist = { url = "https://files.pythonhosted.org/packages/b9/18/f5e488eac4960ad9a2e71b95f0d91cf93a982c7f68aa90e4e0554f0bc37e/basedpyright-1.29.1.tar.gz", hash = "sha256:06bbe6c3b50ab4af20f80e154049477a50d8b81d2522eadbc9f472f2f92cd44b", size = 21773469, upload-time = "2025-04-23T13:29:42.47Z" }
wheels = [
    { url = "https://files.pythonhosted.org/packages/95/1b/1bb837bbb7e259928f33d3c105dfef4f5349ef08b3ef45576801256e3234/basedpyright-1.29.1-py3-none-any.whl", hash = "sha256:b7eb65b9d4aaeeea29a349ac494252032a75a364942d0ac466d7f07ddeacc786", size = 11397959, upload-time = "2025-04-23T13:29:38.106Z" },
]

[[package]]
name = "click"
version = "8.1.8"
source = { registry = "https://pypi.org/simple" }
dependencies = [
    { name = "colorama", marker = "sys_platform == 'win32'" },
]
sdist = { url = "https://files.pythonhosted.org/packages/b9/2e/0090cbf739cee7d23781ad4b89a9894a41538e4fcf4c31dcdd705b78eb8b/click-8.1.8.tar.gz", hash = "sha256:ed53c9d8990d83c2a27deae68e4ee337473f6330c040a31d4225c9574d16096a", size = 226593, upload-time = "2024-12-21T18:38:44.339Z" }
wheels = [
    { url = "https://files.pythonhosted.org/packages/7e/d4/7ebdbd03970677812aac39c869717059dbb71a4cfc033ca6e5221787892c/click-8.1.8-py3-none-any.whl", hash = "sha256:63c132bbbed01578a06712a2d1f497bb62d9c1c0d329b7903a866228027263b2", size = 98188, upload-time = "2024-12-21T18:38:41.666Z" },
]

[[package]]
name = "codespell"
version = "2.4.1"
source = { registry = "https://pypi.org/simple" }
sdist = { url = "https://files.pythonhosted.org/packages/15/e0/709453393c0ea77d007d907dd436b3ee262e28b30995ea1aa36c6ffbccaf/codespell-2.4.1.tar.gz", hash = "sha256:299fcdcb09d23e81e35a671bbe746d5ad7e8385972e65dbb833a2eaac33c01e5", size = 344740, upload-time = "2025-01-28T18:52:39.411Z" }
wheels = [
    { url = "https://files.pythonhosted.org/packages/20/01/b394922252051e97aab231d416c86da3d8a6d781eeadcdca1082867de64e/codespell-2.4.1-py3-none-any.whl", hash = "sha256:3dadafa67df7e4a3dbf51e0d7315061b80d265f9552ebd699b3dd6834b47e425", size = 344501, upload-time = "2025-01-28T18:52:37.057Z" },
]

[[package]]
name = "colorama"
version = "0.4.6"
source = { registry = "https://pypi.org/simple" }
sdist = { url = "https://files.pythonhosted.org/packages/d8/53/6f443c9a4a8358a93a6792e2acffb9d9d5cb0a5cfd8802644b7b1c9a02e4/colorama-0.4.6.tar.gz", hash = "sha256:08695f5cb7ed6e0531a20572697297273c47b8cae5a63ffc6d6ed5c201be6e44", size = 27697, upload-time = "2022-10-25T02:36:22.414Z" }
wheels = [
    { url = "https://files.pythonhosted.org/packages/d1/d6/3965ed04c63042e047cb6a3e6ed1a63a35087b6a609aa3a15ed8ac56c221/colorama-0.4.6-py2.py3-none-any.whl", hash = "sha256:4f1d9991f5acc0ca119f9d443620b77f9d6b33703e51011c16baf57afb285fc6", size = 25335, upload-time = "2022-10-25T02:36:20.889Z" },
]

[[package]]
name = "csv2ical"
version = "1.0.1"
source = { editable = "." }
dependencies = [
    { name = "click" },
    { name = "icalendar" },
]

[package.dev-dependencies]
dev = [
    { name = "basedpyright" },
    { name = "codespell" },
    { name = "ruff" },
]

[package.metadata]
requires-dist = [
    { name = "click" },
    { name = "icalendar", specifier = ">=4.0.1" },
]

[package.metadata.requires-dev]
dev = [
    { name = "basedpyright", specifier = ">=1.29.1" },
    { name = "codespell", specifier = ">=2.4.1" },
    { name = "ruff", specifier = ">=0.11.9" },
]

[[package]]
name = "icalendar"
version = "6.2.0"
source = { registry = "https://pypi.org/simple" }
dependencies = [
    { name = "backports-zoneinfo", marker = "python_full_version < '3.9'" },
    { name = "python-dateutil" },
    { name = "tzdata" },
]
sdist = { url = "https://files.pythonhosted.org/packages/42/86/dd453fb8eb03288ea06b0980b08614609e7e7ad87245be5e8d4ea3b3bc14/icalendar-6.2.0.tar.gz", hash = "sha256:3adad41492093fd57930e5c1a8eca806e8e6f018fe1e2c229a24694a51df92dc", size = 172530, upload-time = "2025-05-07T13:57:40.887Z" }
wheels = [
    { url = "https://files.pythonhosted.org/packages/be/33/414ead7b15c109a38c47c742bd68dbb4b8c87ee91b83737261fe8fb81c7d/icalendar-6.2.0-py3-none-any.whl", hash = "sha256:25c650cb6571e6f38335e88d614cadf23e347cf32c8acbd6144ce9de9018c5ae", size = 235382, upload-time = "2025-05-07T13:57:39.03Z" },
]

[[package]]
name = "nodejs-wheel-binaries"
version = "22.15.0"
source = { registry = "https://pypi.org/simple" }
sdist = { url = "https://files.pythonhosted.org/packages/45/5b/6c5f973765b96793d4e4d03684bcbd273b17e471ecc7e9bec4c32b595ebd/nodejs_wheel_binaries-22.15.0.tar.gz", hash = "sha256:ff81aa2a79db279c2266686ebcb829b6634d049a5a49fc7dc6921e4f18af9703", size = 8054, upload-time = "2025-04-23T16:57:40.338Z" }
wheels = [
    { url = "https://files.pythonhosted.org/packages/d3/a8/a32e5bb99e95c536e7dac781cffab1e7e9f8661b8ee296b93df77e4df7f9/nodejs_wheel_binaries-22.15.0-py2.py3-none-macosx_11_0_arm64.whl", hash = "sha256:aa16366d48487fff89446fb237693e777aa2ecd987208db7d4e35acc40c3e1b1", size = 50514526, upload-time = "2025-04-23T16:57:07.478Z" },
    { url = "https://files.pythonhosted.org/packages/05/e8/eb024dbb3a7d3b98c8922d1c306be989befad4d2132292954cb902f43b07/nodejs_wheel_binaries-22.15.0-py2.py3-none-macosx_11_0_x86_64.whl", hash = "sha256:a54bb3fee9170003fa8abc69572d819b2b1540344eff78505fcc2129a9175596", size = 51409179, upload-time = "2025-04-23T16:57:11.599Z" },
    { url = "https://files.pythonhosted.org/packages/3f/0f/baa968456c3577e45c7d0e3715258bd175dcecc67b683a41a5044d5dae40/nodejs_wheel_binaries-22.15.0-py2.py3-none-manylinux_2_17_aarch64.manylinux2014_aarch64.whl", hash = "sha256:867121ccf99d10523f6878a26db86e162c4939690e24cfb5bea56d01ea696c93", size = 57364460, upload-time = "2025-04-23T16:57:15.725Z" },
    { url = "https://files.pythonhosted.org/packages/2f/a2/977f63cd07ed8fc27bc0d0cd72e801fc3691ffc8cd40a51496ff18a6d0a2/nodejs_wheel_binaries-22.15.0-py2.py3-none-manylinux_2_17_x86_64.manylinux2014_x86_64.whl", hash = "sha256:0ab0fbcda2ddc8aab7db1505d72cb958f99324b3834c4543541a305e02bfe860", size = 57889101, upload-time = "2025-04-23T16:57:19.643Z" },
    { url = "https://files.pythonhosted.org/packages/67/7f/57b9c24a4f0d25490527b043146aa0fdff2d8fdc82f90667cdaf6f00cfc9/nodejs_wheel_binaries-22.15.0-py2.py3-none-musllinux_1_2_aarch64.whl", hash = "sha256:2bde1d8e00cd955b9ce9ee9ac08309923e2778a790ee791b715e93e487e74bfd", size = 59190817, upload-time = "2025-04-23T16:57:23.875Z" },
    { url = "https://files.pythonhosted.org/packages/fd/7f/970acbe33b81c22b3c7928f52e32347030aa46d23d779cf781cf9a9cf557/nodejs_wheel_binaries-22.15.0-py2.py3-none-musllinux_1_2_x86_64.whl", hash = "sha256:acdd4ef73b6701aab9fbe02ac5e104f208a5e3c300402fa41ad7bc7f49499fbf", size = 60220316, upload-time = "2025-04-23T16:57:28.276Z" },
    { url = "https://files.pythonhosted.org/packages/07/4c/030243c04bb60f0de66c2d7ee3be289c6d28ef09113c06ffa417bdfedf8f/nodejs_wheel_binaries-22.15.0-py2.py3-none-win_amd64.whl", hash = "sha256:51deaf13ee474e39684ce8c066dfe86240edb94e7241950ca789befbbbcbd23d", size = 40718853, upload-time = "2025-04-23T16:57:32.651Z" },
    { url = "https://files.pythonhosted.org/packages/1f/49/011d472814af4fabeaab7d7ce3d5a1a635a3dadc23ae404d1f546839ecb3/nodejs_wheel_binaries-22.15.0-py2.py3-none-win_arm64.whl", hash = "sha256:01a3fe4d60477f93bf21a44219db33548c75d7fed6dc6e6f4c05cf0adf015609", size = 36436645, upload-time = "2025-04-23T16:57:36.326Z" },
]

[[package]]
name = "python-dateutil"
version = "2.9.0.post0"
source = { registry = "https://pypi.org/simple" }
dependencies = [
    { name = "six" },
]
sdist = { url = "https://files.pythonhosted.org/packages/66/c0/0c8b6ad9f17a802ee498c46e004a0eb49bc148f2fd230864601a86dcf6db/python-dateutil-2.9.0.post0.tar.gz", hash = "sha256:37dd54208da7e1cd875388217d5e00ebd4179249f90fb72437e91a35459a0ad3", size = 342432, upload-time = "2024-03-01T18:36:20.211Z" }
wheels = [
    { url = "https://files.pythonhosted.org/packages/ec/57/56b9bcc3c9c6a792fcbaf139543cee77261f3651ca9da0c93f5c1221264b/python_dateutil-2.9.0.post0-py2.py3-none-any.whl", hash = "sha256:a8b2bc7bffae282281c8140a97d3aa9c14da0b136dfe83f850eea9a5f7470427", size = 229892, upload-time = "2024-03-01T18:36:18.57Z" },
]

[[package]]
name = "ruff"
version = "0.11.9"
source = { registry = "https://pypi.org/simple" }
sdist = { url = "https://files.pythonhosted.org/packages/f5/e7/e55dda1c92cdcf34b677ebef17486669800de01e887b7831a1b8fdf5cb08/ruff-0.11.9.tar.gz", hash = "sha256:ebd58d4f67a00afb3a30bf7d383e52d0e036e6195143c6db7019604a05335517", size = 4132134, upload-time = "2025-05-09T16:19:41.511Z" }
wheels = [
    { url = "https://files.pythonhosted.org/packages/fb/71/75dfb7194fe6502708e547941d41162574d1f579c4676a8eb645bf1a6842/ruff-0.11.9-py3-none-linux_armv6l.whl", hash = "sha256:a31a1d143a5e6f499d1fb480f8e1e780b4dfdd580f86e05e87b835d22c5c6f8c", size = 10335453, upload-time = "2025-05-09T16:18:58.2Z" },
    { url = "https://files.pythonhosted.org/packages/74/fc/ad80c869b1732f53c4232bbf341f33c5075b2c0fb3e488983eb55964076a/ruff-0.11.9-py3-none-macosx_10_12_x86_64.whl", hash = "sha256:66bc18ca783b97186a1f3100e91e492615767ae0a3be584e1266aa9051990722", size = 11072566, upload-time = "2025-05-09T16:19:01.432Z" },
    { url = "https://files.pythonhosted.org/packages/87/0d/0ccececef8a0671dae155cbf7a1f90ea2dd1dba61405da60228bbe731d35/ruff-0.11.9-py3-none-macosx_11_0_arm64.whl", hash = "sha256:bd576cd06962825de8aece49f28707662ada6a1ff2db848d1348e12c580acbf1", size = 10435020, upload-time = "2025-05-09T16:19:03.897Z" },
    { url = "https://files.pythonhosted.org/packages/52/01/e249e1da6ad722278094e183cbf22379a9bbe5f21a3e46cef24ccab76e22/ruff-0.11.9-py3-none-manylinux_2_17_aarch64.manylinux2014_aarch64.whl", hash = "sha256:5b1d18b4be8182cc6fddf859ce432cc9631556e9f371ada52f3eaefc10d878de", size = 10593935, upload-time = "2025-05-09T16:19:06.455Z" },
    { url = "https://files.pythonhosted.org/packages/ed/9a/40cf91f61e3003fe7bd43f1761882740e954506c5a0f9097b1cff861f04c/ruff-0.11.9-py3-none-manylinux_2_17_armv7l.manylinux2014_armv7l.whl", hash = "sha256:0f3f46f759ac623e94824b1e5a687a0df5cd7f5b00718ff9c24f0a894a683be7", size = 10172971, upload-time = "2025-05-09T16:19:10.261Z" },
    { url = "https://files.pythonhosted.org/packages/61/12/d395203de1e8717d7a2071b5a340422726d4736f44daf2290aad1085075f/ruff-0.11.9-py3-none-manylinux_2_17_i686.manylinux2014_i686.whl", hash = "sha256:f34847eea11932d97b521450cf3e1d17863cfa5a94f21a056b93fb86f3f3dba2", size = 11748631, upload-time = "2025-05-09T16:19:12.307Z" },
    { url = "https://files.pythonhosted.org/packages/66/d6/ef4d5eba77677eab511644c37c55a3bb8dcac1cdeb331123fe342c9a16c9/ruff-0.11.9-py3-none-manylinux_2_17_ppc64.manylinux2014_ppc64.whl", hash = "sha256:f33b15e00435773df97cddcd263578aa83af996b913721d86f47f4e0ee0ff271", size = 12409236, upload-time = "2025-05-09T16:19:15.006Z" },
    { url = "https://files.pythonhosted.org/packages/c5/8f/5a2c5fc6124dd925a5faf90e1089ee9036462118b619068e5b65f8ea03df/ruff-0.11.9-py3-none-manylinux_2_17_ppc64le.manylinux2014_ppc64le.whl", hash = "sha256:7b27613a683b086f2aca8996f63cb3dd7bc49e6eccf590563221f7b43ded3f65", size = 11881436, upload-time = "2025-05-09T16:19:17.063Z" },
    { url = "https://files.pythonhosted.org/packages/39/d1/9683f469ae0b99b95ef99a56cfe8c8373c14eba26bd5c622150959ce9f64/ruff-0.11.9-py3-none-manylinux_2_17_s390x.manylinux2014_s390x.whl", hash = "sha256:9e0d88756e63e8302e630cee3ce2ffb77859797cc84a830a24473939e6da3ca6", size = 13982759, upload-time = "2025-05-09T16:19:19.693Z" },
    { url = "https://files.pythonhosted.org/packages/4e/0b/c53a664f06e0faab596397867c6320c3816df479e888fe3af63bc3f89699/ruff-0.11.9-py3-none-manylinux_2_17_x86_64.manylinux2014_x86_64.whl", hash = "sha256:537c82c9829d7811e3aa680205f94c81a2958a122ac391c0eb60336ace741a70", size = 11541985, upload-time = "2025-05-09T16:19:21.831Z" },
    { url = "https://files.pythonhosted.org/packages/23/a0/156c4d7e685f6526a636a60986ee4a3c09c8c4e2a49b9a08c9913f46c139/ruff-0.11.9-py3-none-musllinux_1_2_aarch64.whl", hash = "sha256:440ac6a7029f3dee7d46ab7de6f54b19e34c2b090bb4f2480d0a2d635228f381", size = 10465775, upload-time = "2025-05-09T16:19:24.401Z" },
    { url = "https://files.pythonhosted.org/packages/43/d5/88b9a6534d9d4952c355e38eabc343df812f168a2c811dbce7d681aeb404/ruff-0.11.9-py3-none-musllinux_1_2_armv7l.whl", hash = "sha256:71c539bac63d0788a30227ed4d43b81353c89437d355fdc52e0cda4ce5651787", size = 10170957, upload-time = "2025-05-09T16:19:27.08Z" },
    { url = "https://files.pythonhosted.org/packages/f0/b8/2bd533bdaf469dc84b45815ab806784d561fab104d993a54e1852596d581/ruff-0.11.9-py3-none-musllinux_1_2_i686.whl", hash = "sha256:c67117bc82457e4501473c5f5217d49d9222a360794bfb63968e09e70f340abd", size = 11143307, upload-time = "2025-05-09T16:19:29.462Z" },
    { url = "https://files.pythonhosted.org/packages/2f/d9/43cfba291788459b9bfd4e09a0479aa94d05ab5021d381a502d61a807ec1/ruff-0.11.9-py3-none-musllinux_1_2_x86_64.whl", hash = "sha256:e4b78454f97aa454586e8a5557facb40d683e74246c97372af3c2d76901d697b", size = 11603026, upload-time = "2025-05-09T16:19:31.569Z" },
    { url = "https://files.pythonhosted.org/packages/22/e6/7ed70048e89b01d728ccc950557a17ecf8df4127b08a56944b9d0bae61bc/ruff-0.11.9-py3-none-win32.whl", hash = "sha256:7fe1bc950e7d7b42caaee2a8a3bc27410547cc032c9558ee2e0f6d3b209e845a", size = 10548627, upload-time = "2025-05-09T16:19:33.657Z" },
    { url = "https://files.pythonhosted.org/packages/90/36/1da5d566271682ed10f436f732e5f75f926c17255c9c75cefb77d4bf8f10/ruff-0.11.9-py3-none-win_amd64.whl", hash = "sha256:52edaa4a6d70f8180343a5b7f030c7edd36ad180c9f4d224959c2d689962d964", size = 11634340, upload-time = "2025-05-09T16:19:35.815Z" },
    { url = "https://files.pythonhosted.org/packages/40/f7/70aad26e5877c8f7ee5b161c4c9fa0100e63fc4c944dc6d97b9c7e871417/ruff-0.11.9-py3-none-win_arm64.whl", hash = "sha256:bcf42689c22f2e240f496d0c183ef2c6f7b35e809f12c1db58f75d9aa8d630ca", size = 10741080, upload-time = "2025-05-09T16:19:39.605Z" },
]

[[package]]
name = "six"
version = "1.17.0"
source = { registry = "https://pypi.org/simple" }
sdist = { url = "https://files.pythonhosted.org/packages/94/e7/b2c673351809dca68a0e064b6af791aa332cf192da575fd474ed7d6f16a2/six-1.17.0.tar.gz", hash = "sha256:ff70335d468e7eb6ec65b95b99d3a2836546063f63acc5171de367e834932a81", size = 34031, upload-time = "2024-12-04T17:35:28.174Z" }
wheels = [
    { url = "https://files.pythonhosted.org/packages/b7/ce/149a00dd41f10bc29e5921b496af8b574d8413afcd5e30dfa0ed46c2cc5e/six-1.17.0-py2.py3-none-any.whl", hash = "sha256:4721f391ed90541fddacab5acf947aa0d3dc7d27b2e1e8eda2be8970586c3274", size = 11050, upload-time = "2024-12-04T17:35:26.475Z" },
]

[[package]]
name = "tzdata"
version = "2025.2"
source = { registry = "https://pypi.org/simple" }
sdist = { url = "https://files.pythonhosted.org/packages/95/32/1a225d6164441be760d75c2c42e2780dc0873fe382da3e98a2e1e48361e5/tzdata-2025.2.tar.gz", hash = "sha256:b60a638fcc0daffadf82fe0f57e53d06bdec2f36c4df66280ae79bce6bd6f2b9", size = 196380, upload-time = "2025-03-23T13:54:43.652Z" }
wheels = [
    { url = "https://files.pythonhosted.org/packages/5c/23/c7abc0ca0a1526a0774eca151daeb8de62ec457e77262b66b359c3c7679e/tzdata-2025.2-py2.py3-none-any.whl", hash = "sha256:1a403fada01ff9221ca8044d701868fa132215d84beb92242d9acd2147f667a8", size = 347839, upload-time = "2025-03-23T13:54:41.845Z" },
]
